
Microsoft Visual Studio Solution File, Format Version 12.00
# Visual Studio 2013
VisualStudioVersion = 12.0.31101.0
MinimumVisualStudioVersion = 10.0.40219.1
Project("{FAE04EC0-301F-11D3-BF4B-00C04F79EFBC}") = "Round1.A", "Round1.A\Round1.A.csproj", "{9798283B-3A12-49E7-9BB3-C1A3A63E69B1}"
EndProject
Project("{FAE04EC0-301F-11D3-BF4B-00C04F79EFBC}") = "Round1.B", "Round1.B\Round1.B.csproj", "{A43D90A7-9DDE-4C5C-9372-2AF5877A2C46}"
EndProject
Project("{FAE04EC0-301F-11D3-BF4B-00C04F79EFBC}") = "Round1.B.Tests", "Round1.B.Tests\Round1.B.Tests.csproj", "{DE8D93E8-168D-4CAB-A663-690B76D59BF5}"
EndProject
Project("{FAE04EC0-301F-11D3-BF4B-00C04F79EFBC}") = "Round2.A", "Round2.A\Round2.A.csproj", "{2B313FAA-585A-46F0-AC2B-338CEFBAA2C6}"
EndProject
Project("{FAE04EC0-301F-11D3-BF4B-00C04F79EFBC}") = "Round2.A.Tests", "Round2.A.Tests\Round2.A.Tests.csproj", "{5BFBD393-228A-4D43-B7DA-48B6941C6023}"
EndProject
Project("{FAE04EC0-301F-11D3-BF4B-00C04F79EFBC}") = "Round2.B", "Round2.B\Round2.B.csproj", "{763A0A4D-546E-41E3-A264-BD42A58216E0}"
EndProject
Project("{FAE04EC0-301F-11D3-BF4B-00C04F79EFBC}") = "Round2.B.Tests", "Round2.B.Tests\Round2.B.Tests.csproj", "{43984494-4A73-40EB-A9D1-48C976FD30F3}"
EndProject
Project("{FAE04EC0-301F-11D3-BF4B-00C04F79EFBC}") = "Round3.A", "Round3.A\Round3.A.csproj", "{3C3CCF0F-4EBD-4165-9312-0A6F4E5CD53E}"
EndProject
Project("{FAE04EC0-301F-11D3-BF4B-00C04F79EFBC}") = "Round3.A.Tests", "Round3.A.Tests\Round3.A.Tests.csproj", "{6BEE1323-FF52-446F-A39A-786D16CFC336}"
EndProject
Project("{FAE04EC0-301F-11D3-BF4B-00C04F79EFBC}") = "Round3.B", "Round3.B\Round3.B.csproj", "{692A78A3-85DA-4CFB-AD05-698A9A52D55A}"
EndProject
Project("{FAE04EC0-301F-11D3-BF4B-00C04F79EFBC}") = "Round3.B.Tests", "Round3.B.Tests\Round3.B.Tests.csproj", "{DA618293-29F7-4202-BAF3-BC67C54E83D9}"
EndProject
Project("{FAE04EC0-301F-11D3-BF4B-00C04F79EFBC}") = "Round4.A", "Round4.A\Round4.A.csproj", "{BDF13FBF-51E6-4088-92C5-F06E49BEDE96}"
EndProject
Project("{FAE04EC0-301F-11D3-BF4B-00C04F79EFBC}") = "Round4.B", "Round4.B\Round4.B.csproj", "{8AF601C5-AD40-490D-BFA3-B266B4BDA2CD}"
EndProject
Project("{FAE04EC0-301F-11D3-BF4B-00C04F79EFBC}") = "Round4.B.Tests", "Round4.B.Tests\Round4.B.Tests.csproj", "{B4105808-2492-446D-8F71-60CFFAAFA8D4}"
EndProject
Project("{FAE04EC0-301F-11D3-BF4B-00C04F79EFBC}") = "Round5.A", "Round5.A\Round5.A.csproj", "{D4F2C33C-7A73-41BF-B9C6-2840EB001EDC}"
EndProject
Project("{FAE04EC0-301F-11D3-BF4B-00C04F79EFBC}") = "Round5.A.Tests", "Round5.A.Tests\Round5.A.Tests.csproj", "{AD1553B4-A627-4F79-A9C3-3E3E8A78296B}"
EndProject
Project("{FAE04EC0-301F-11D3-BF4B-00C04F79EFBC}") = "Round5.B", "Round5.B\Round5.B.csproj", "{E70BB67C-BF1F-443B-811B-FE4F17ECD6E4}"
EndProject
Project("{FAE04EC0-301F-11D3-BF4B-00C04F79EFBC}") = "Round5.B.Tests", "Round5.B.Tests\Round5.B.Tests.csproj", "{B1D9340E-80D7-4835-A4B1-C263135BBC24}"
EndProject
Global
	GlobalSection(SolutionConfigurationPlatforms) = preSolution
		Debug|Any CPU = Debug|Any CPU
		Release|Any CPU = Release|Any CPU
	EndGlobalSection
	GlobalSection(ProjectConfigurationPlatforms) = postSolution
		{9798283B-3A12-49E7-9BB3-C1A3A63E69B1}.Debug|Any CPU.ActiveCfg = Debug|Any CPU
		{9798283B-3A12-49E7-9BB3-C1A3A63E69B1}.Debug|Any CPU.Build.0 = Debug|Any CPU
		{9798283B-3A12-49E7-9BB3-C1A3A63E69B1}.Release|Any CPU.ActiveCfg = Release|Any CPU
		{9798283B-3A12-49E7-9BB3-C1A3A63E69B1}.Release|Any CPU.Build.0 = Release|Any CPU
		{A43D90A7-9DDE-4C5C-9372-2AF5877A2C46}.Debug|Any CPU.ActiveCfg = Debug|Any CPU
		{A43D90A7-9DDE-4C5C-9372-2AF5877A2C46}.Debug|Any CPU.Build.0 = Debug|Any CPU
		{A43D90A7-9DDE-4C5C-9372-2AF5877A2C46}.Release|Any CPU.ActiveCfg = Release|Any CPU
		{A43D90A7-9DDE-4C5C-9372-2AF5877A2C46}.Release|Any CPU.Build.0 = Release|Any CPU
		{DE8D93E8-168D-4CAB-A663-690B76D59BF5}.Debug|Any CPU.ActiveCfg = Debug|Any CPU
		{DE8D93E8-168D-4CAB-A663-690B76D59BF5}.Debug|Any CPU.Build.0 = Debug|Any CPU
		{DE8D93E8-168D-4CAB-A663-690B76D59BF5}.Release|Any CPU.ActiveCfg = Release|Any CPU
		{DE8D93E8-168D-4CAB-A663-690B76D59BF5}.Release|Any CPU.Build.0 = Release|Any CPU
		{2B313FAA-585A-46F0-AC2B-338CEFBAA2C6}.Debug|Any CPU.ActiveCfg = Debug|Any CPU
		{2B313FAA-585A-46F0-AC2B-338CEFBAA2C6}.Debug|Any CPU.Build.0 = Debug|Any CPU
		{2B313FAA-585A-46F0-AC2B-338CEFBAA2C6}.Release|Any CPU.ActiveCfg = Release|Any CPU
		{2B313FAA-585A-46F0-AC2B-338CEFBAA2C6}.Release|Any CPU.Build.0 = Release|Any CPU
		{5BFBD393-228A-4D43-B7DA-48B6941C6023}.Debug|Any CPU.ActiveCfg = Debug|Any CPU
		{5BFBD393-228A-4D43-B7DA-48B6941C6023}.Debug|Any CPU.Build.0 = Debug|Any CPU
		{5BFBD393-228A-4D43-B7DA-48B6941C6023}.Release|Any CPU.ActiveCfg = Release|Any CPU
		{5BFBD393-228A-4D43-B7DA-48B6941C6023}.Release|Any CPU.Build.0 = Release|Any CPU
		{763A0A4D-546E-41E3-A264-BD42A58216E0}.Debug|Any CPU.ActiveCfg = Debug|Any CPU
		{763A0A4D-546E-41E3-A264-BD42A58216E0}.Debug|Any CPU.Build.0 = Debug|Any CPU
		{763A0A4D-546E-41E3-A264-BD42A58216E0}.Release|Any CPU.ActiveCfg = Release|Any CPU
		{763A0A4D-546E-41E3-A264-BD42A58216E0}.Release|Any CPU.Build.0 = Release|Any CPU
		{43984494-4A73-40EB-A9D1-48C976FD30F3}.Debug|Any CPU.ActiveCfg = Debug|Any CPU
		{43984494-4A73-40EB-A9D1-48C976FD30F3}.Debug|Any CPU.Build.0 = Debug|Any CPU
		{43984494-4A73-40EB-A9D1-48C976FD30F3}.Release|Any CPU.ActiveCfg = Release|Any CPU
		{43984494-4A73-40EB-A9D1-48C976FD30F3}.Release|Any CPU.Build.0 = Release|Any CPU
		{3C3CCF0F-4EBD-4165-9312-0A6F4E5CD53E}.Debug|Any CPU.ActiveCfg = Debug|Any CPU
		{3C3CCF0F-4EBD-4165-9312-0A6F4E5CD53E}.Debug|Any CPU.Build.0 = Debug|Any CPU
		{3C3CCF0F-4EBD-4165-9312-0A6F4E5CD53E}.Release|Any CPU.ActiveCfg = Release|Any CPU
		{3C3CCF0F-4EBD-4165-9312-0A6F4E5CD53E}.Release|Any CPU.Build.0 = Release|Any CPU
		{6BEE1323-FF52-446F-A39A-786D16CFC336}.Debug|Any CPU.ActiveCfg = Debug|Any CPU
		{6BEE1323-FF52-446F-A39A-786D16CFC336}.Debug|Any CPU.Build.0 = Debug|Any CPU
		{6BEE1323-FF52-446F-A39A-786D16CFC336}.Release|Any CPU.ActiveCfg = Release|Any CPU
		{6BEE1323-FF52-446F-A39A-786D16CFC336}.Release|Any CPU.Build.0 = Release|Any CPU
		{692A78A3-85DA-4CFB-AD05-698A9A52D55A}.Debug|Any CPU.ActiveCfg = Debug|Any CPU
		{692A78A3-85DA-4CFB-AD05-698A9A52D55A}.Debug|Any CPU.Build.0 = Debug|Any CPU
		{692A78A3-85DA-4CFB-AD05-698A9A52D55A}.Release|Any CPU.ActiveCfg = Release|Any CPU
		{692A78A3-85DA-4CFB-AD05-698A9A52D55A}.Release|Any CPU.Build.0 = Release|Any CPU
		{DA618293-29F7-4202-BAF3-BC67C54E83D9}.Debug|Any CPU.ActiveCfg = Debug|Any CPU
		{DA618293-29F7-4202-BAF3-BC67C54E83D9}.Debug|Any CPU.Build.0 = Debug|Any CPU
		{DA618293-29F7-4202-BAF3-BC67C54E83D9}.Release|Any CPU.ActiveCfg = Release|Any CPU
		{DA618293-29F7-4202-BAF3-BC67C54E83D9}.Release|Any CPU.Build.0 = Release|Any CPU
		{BDF13FBF-51E6-4088-92C5-F06E49BEDE96}.Debug|Any CPU.ActiveCfg = Debug|Any CPU
		{BDF13FBF-51E6-4088-92C5-F06E49BEDE96}.Debug|Any CPU.Build.0 = Debug|Any CPU
		{BDF13FBF-51E6-4088-92C5-F06E49BEDE96}.Release|Any CPU.ActiveCfg = Release|Any CPU
		{BDF13FBF-51E6-4088-92C5-F06E49BEDE96}.Release|Any CPU.Build.0 = Release|Any CPU
		{8AF601C5-AD40-490D-BFA3-B266B4BDA2CD}.Debug|Any CPU.ActiveCfg = Debug|Any CPU
		{8AF601C5-AD40-490D-BFA3-B266B4BDA2CD}.Debug|Any CPU.Build.0 = Debug|Any CPU
		{8AF601C5-AD40-490D-BFA3-B266B4BDA2CD}.Release|Any CPU.ActiveCfg = Release|Any CPU
		{8AF601C5-AD40-490D-BFA3-B266B4BDA2CD}.Release|Any CPU.Build.0 = Release|Any CPU
		{B4105808-2492-446D-8F71-60CFFAAFA8D4}.Debug|Any CPU.ActiveCfg = Debug|Any CPU
		{B4105808-2492-446D-8F71-60CFFAAFA8D4}.Debug|Any CPU.Build.0 = Debug|Any CPU
		{B4105808-2492-446D-8F71-60CFFAAFA8D4}.Release|Any CPU.ActiveCfg = Release|Any CPU
		{B4105808-2492-446D-8F71-60CFFAAFA8D4}.Release|Any CPU.Build.0 = Release|Any CPU
		{D4F2C33C-7A73-41BF-B9C6-2840EB001EDC}.Debug|Any CPU.ActiveCfg = Debug|Any CPU
		{D4F2C33C-7A73-41BF-B9C6-2840EB001EDC}.Debug|Any CPU.Build.0 = Debug|Any CPU
		{D4F2C33C-7A73-41BF-B9C6-2840EB001EDC}.Release|Any CPU.ActiveCfg = Release|Any CPU
		{D4F2C33C-7A73-41BF-B9C6-2840EB001EDC}.Release|Any CPU.Build.0 = Release|Any CPU
		{AD1553B4-A627-4F79-A9C3-3E3E8A78296B}.Debug|Any CPU.ActiveCfg = Debug|Any CPU
		{AD1553B4-A627-4F79-A9C3-3E3E8A78296B}.Debug|Any CPU.Build.0 = Debug|Any CPU
		{AD1553B4-A627-4F79-A9C3-3E3E8A78296B}.Release|Any CPU.ActiveCfg = Release|Any CPU
		{AD1553B4-A627-4F79-A9C3-3E3E8A78296B}.Release|Any CPU.Build.0 = Release|Any CPU
		{E70BB67C-BF1F-443B-811B-FE4F17ECD6E4}.Debug|Any CPU.ActiveCfg = Debug|Any CPU
		{E70BB67C-BF1F-443B-811B-FE4F17ECD6E4}.Debug|Any CPU.Build.0 = Debug|Any CPU
		{E70BB67C-BF1F-443B-811B-FE4F17ECD6E4}.Release|Any CPU.ActiveCfg = Release|Any CPU
		{E70BB67C-BF1F-443B-811B-FE4F17ECD6E4}.Release|Any CPU.Build.0 = Release|Any CPU
		{B1D9340E-80D7-4835-A4B1-C263135BBC24}.Debug|Any CPU.ActiveCfg = Debug|Any CPU
		{B1D9340E-80D7-4835-A4B1-C263135BBC24}.Debug|Any CPU.Build.0 = Debug|Any CPU
		{B1D9340E-80D7-4835-A4B1-C263135BBC24}.Release|Any CPU.ActiveCfg = Release|Any CPU
		{B1D9340E-80D7-4835-A4B1-C263135BBC24}.Release|Any CPU.Build.0 = Release|Any CPU
	EndGlobalSection
	GlobalSection(SolutionProperties) = preSolution
		HideSolutionNode = FALSE
	EndGlobalSection
EndGlobal
