
Microsoft Visual Studio Solution File, Format Version 12.00
# Visual Studio 15
VisualStudioVersion = 15.0.27130.2027
MinimumVisualStudioVersion = 10.0.40219.1
Project("{FAE04EC0-301F-11D3-BF4B-00C04F79EFBC}") = "Conways", "Conways\Conways.csproj", "{F93933EC-4DF6-4D56-AB56-12286C11A6C2}"
EndProject
Project("{FAE04EC0-301F-11D3-BF4B-00C04F79EFBC}") = "Conways.Tests", "Conways.Tests\Conways.Tests.csproj", "{4F7F8204-DEE1-440D-BCB8-CF244F056C69}"
EndProject
Global
	GlobalSection(SolutionConfigurationPlatforms) = preSolution
		Debug|Any CPU = Debug|Any CPU
		Release|Any CPU = Release|Any CPU
	EndGlobalSection
	GlobalSection(ProjectConfigurationPlatforms) = postSolution
		{F93933EC-4DF6-4D56-AB56-12286C11A6C2}.Debug|Any CPU.ActiveCfg = Debug|Any CPU
		{F93933EC-4DF6-4D56-AB56-12286C11A6C2}.Debug|Any CPU.Build.0 = Debug|Any CPU
		{F93933EC-4DF6-4D56-AB56-12286C11A6C2}.Release|Any CPU.ActiveCfg = Release|Any CPU
		{F93933EC-4DF6-4D56-AB56-12286C11A6C2}.Release|Any CPU.Build.0 = Release|Any CPU
		{4F7F8204-DEE1-440D-BCB8-CF244F056C69}.Debug|Any CPU.ActiveCfg = Debug|Any CPU
		{4F7F8204-DEE1-440D-BCB8-CF244F056C69}.Debug|Any CPU.Build.0 = Debug|Any CPU
		{4F7F8204-DEE1-440D-BCB8-CF244F056C69}.Release|Any CPU.ActiveCfg = Release|Any CPU
		{4F7F8204-DEE1-440D-BCB8-CF244F056C69}.Release|Any CPU.Build.0 = Release|Any CPU
	EndGlobalSection
	GlobalSection(SolutionProperties) = preSolution
		HideSolutionNode = FALSE
	EndGlobalSection
	GlobalSection(ExtensibilityGlobals) = postSolution
		SolutionGuid = {3BBEB6AE-408C-4948-AE7C-92D7D8C47748}
	EndGlobalSection
EndGlobal
