
Microsoft Visual Studio Solution File, Format Version 12.00
Project("{FAE04EC0-301F-11D3-BF4B-00C04F79EFBC}") = "Domain", "Domain\Domain.csproj", "{389DA2E5-88F0-4829-BF6F-A11BEDF7E742}"
EndProject
Project("{FAE04EC0-301F-11D3-BF4B-00C04F79EFBC}") = "Domain.Tests", "Domain.Tests\Domain.Tests.csproj", "{0F433F66-A0B5-4BCA-8305-7AB20058F1B8}"
EndProject
Global
	GlobalSection(SolutionConfigurationPlatforms) = preSolution
		Debug|Any CPU = Debug|Any CPU
		Release|Any CPU = Release|Any CPU
	EndGlobalSection
	GlobalSection(ProjectConfigurationPlatforms) = postSolution
		{389DA2E5-88F0-4829-BF6F-A11BEDF7E742}.Debug|Any CPU.ActiveCfg = Debug|Any CPU
		{389DA2E5-88F0-4829-BF6F-A11BEDF7E742}.Debug|Any CPU.Build.0 = Debug|Any CPU
		{389DA2E5-88F0-4829-BF6F-A11BEDF7E742}.Release|Any CPU.ActiveCfg = Release|Any CPU
		{389DA2E5-88F0-4829-BF6F-A11BEDF7E742}.Release|Any CPU.Build.0 = Release|Any CPU
		{0F433F66-A0B5-4BCA-8305-7AB20058F1B8}.Debug|Any CPU.ActiveCfg = Debug|Any CPU
		{0F433F66-A0B5-4BCA-8305-7AB20058F1B8}.Debug|Any CPU.Build.0 = Debug|Any CPU
		{0F433F66-A0B5-4BCA-8305-7AB20058F1B8}.Release|Any CPU.ActiveCfg = Release|Any CPU
		{0F433F66-A0B5-4BCA-8305-7AB20058F1B8}.Release|Any CPU.Build.0 = Release|Any CPU
	EndGlobalSection
EndGlobal
